
Microsoft Visual Studio Solution File, Format Version 11.00
# Visual Studio 2010
Project("{8BC9CEB8-8B4A-11D0-8D11-00A0C91BC942}") = "Stripe1 - Simple Render", "Stripe1 - Simple Render\Stripe1 - Simple Render.vcxproj", "{C0ED6DA4-52C3-4321-8C00-88A7B5EC80CC}"
EndProject
Global
	GlobalSection(SolutionConfigurationPlatforms) = preSolution
		Debug|Win32 = Debug|Win32
		Release|Win32 = Release|Win32
	EndGlobalSection
	GlobalSection(ProjectConfigurationPlatforms) = postSolution
		{C0ED6DA4-52C3-4321-8C00-88A7B5EC80CC}.Debug|Win32.ActiveCfg = Debug|Win32
		{C0ED6DA4-52C3-4321-8C00-88A7B5EC80CC}.Debug|Win32.Build.0 = Debug|Win32
		{C0ED6DA4-52C3-4321-8C00-88A7B5EC80CC}.Release|Win32.ActiveCfg = Release|Win32
		{C0ED6DA4-52C3-4321-8C00-88A7B5EC80CC}.Release|Win32.Build.0 = Release|Win32
	EndGlobalSection
	GlobalSection(SolutionProperties) = preSolution
		HideSolutionNode = FALSE
	EndGlobalSection
EndGlobal
