<?xml version="1.0" encoding="utf-8"?>
<Project ToolsVersion="4.0" xmlns="http://schemas.microsoft.com/developer/msbuild/2003">
  <ItemGroup>
    <Filter Include="Source Files">
      <UniqueIdentifier>{4FC737F1-C7A5-4376-A066-2A32D752A2FF}</UniqueIdentifier>
      <Extensions>cpp;c;cc;cxx;def;odl;idl;hpj;bat;asm;asmx</Extensions>
    </Filter>
    <Filter Include="Header Files">
      <UniqueIdentifier>{93995380-89BD-4b04-88EB-625FBE52EBFB}</UniqueIdentifier>
      <Extensions>h;hpp;hxx;hm;inl;inc;xsd</Extensions>
    </Filter>
    <Filter Include="Resource Files">
      <UniqueIdentifier>{67DA6AB6-F800-4c08-8B7A-83BB121AAD01}</UniqueIdentifier>
      <Extensions>rc;ico;cur;bmp;dlg;rc2;rct;bin;rgs;gif;jpg;jpeg;jpe;resx;tiff;tif;png;wav;mfcribbon-ms</Extensions>
    </Filter>
    <Filter Include="Header Files\Gameh">
      <UniqueIdentifier>{1d791f1f-2bfe-4b37-8a5a-7181e9bbf2cc}</UniqueIdentifier>
    </Filter>
    <Filter Include="Source Files\Game">
      <UniqueIdentifier>{7d9c2668-7b5b-42cc-9005-3b7df70033a0}</UniqueIdentifier>
    </Filter>
    <Filter Include="Header Files\Graphicsh">
      <UniqueIdentifier>{c906fd0a-32f3-4ff7-a62a-8086d5d71fab}</UniqueIdentifier>
    </Filter>
    <Filter Include="Source Files\Graphics">
      <UniqueIdentifier>{a6848256-09dc-4434-97db-0464de1f336a}</UniqueIdentifier>
    </Filter>
    <Filter Include="Header Files\Stateh">
      <UniqueIdentifier>{f76afdd6-1463-4400-a32a-a8b77f07f113}</UniqueIdentifier>
    </Filter>
    <Filter Include="Source Files\State">
      <UniqueIdentifier>{1e2dac4b-2939-460b-a09b-86efe07d9356}</UniqueIdentifier>
    </Filter>
    <Filter Include="Shaders">
      <UniqueIdentifier>{3dcab001-2a9d-4058-9577-d97444fe2217}</UniqueIdentifier>
    </Filter>
    <Filter Include="Header Files\Inputh">
      <UniqueIdentifier>{633e0c07-dd66-414c-bcb4-1f7be4b7e0a7}</UniqueIdentifier>
    </Filter>
    <Filter Include="Source Files\Input">
      <UniqueIdentifier>{d520db07-c36b-4f7a-991b-83b03197fba3}</UniqueIdentifier>
    </Filter>
  </ItemGroup>
  <ItemGroup>
    <ClCompile Include="main.cpp">
      <Filter>Source Files</Filter>
    </ClCompile>
    <ClCompile Include="Game\CGame.cpp">
      <Filter>Source Files\Game</Filter>
    </ClCompile>
    <ClCompile Include="Graphics\CGraphics.cpp">
      <Filter>Source Files\Graphics</Filter>
    </ClCompile>
    <ClCompile Include="Utils.cpp">
      <Filter>Source Files</Filter>
    </ClCompile>
    <ClCompile Include="Graphics\CCamera.cpp">
      <Filter>Source Files\Graphics</Filter>
    </ClCompile>
    <ClCompile Include="State\StateMachine.cpp">
      <Filter>Source Files\State</Filter>
    </ClCompile>
    <ClCompile Include="State\CState.cpp">
      <Filter>Source Files\State</Filter>
    </ClCompile>
    <ClCompile Include="Game\CActor.cpp">
      <Filter>Source Files\Game</Filter>
    </ClCompile>
    <ClCompile Include="Game\CActorMgr.cpp">
      <Filter>Source Files\Game</Filter>
    </ClCompile>
    <ClCompile Include="State\CStateMainGame.cpp">
      <Filter>Source Files\State</Filter>
    </ClCompile>
    <ClCompile Include="Game\CActorPlane.cpp">
      <Filter>Source Files\Game</Filter>
    </ClCompile>
    <ClCompile Include="Input\CInput.cpp">
      <Filter>Source Files\Input</Filter>
    </ClCompile>
  </ItemGroup>
  <ItemGroup>
    <ClInclude Include="Gameh\CGame.h">
      <Filter>Header Files\Gameh</Filter>
    </ClInclude>
    <ClInclude Include="Game.h">
      <Filter>Header Files</Filter>
    </ClInclude>
    <ClInclude Include="Graphicsh\CGraphics.h">
      <Filter>Header Files\Graphicsh</Filter>
    </ClInclude>
    <ClInclude Include="Graphics.h">
      <Filter>Header Files</Filter>
    </ClInclude>
    <ClInclude Include="Structs.h">
      <Filter>Header Files</Filter>
    </ClInclude>
    <ClInclude Include="Graphicsh\CCamera.h">
      <Filter>Header Files\Graphicsh</Filter>
    </ClInclude>
    <ClInclude Include="Stateh\CStateMachine.h">
      <Filter>Header Files\Stateh</Filter>
    </ClInclude>
    <ClInclude Include="State.h">
      <Filter>Header Files</Filter>
    </ClInclude>
    <ClInclude Include="Stateh\CState.h">
      <Filter>Header Files\Stateh</Filter>
    </ClInclude>
    <ClInclude Include="Gameh\CActor.h">
      <Filter>Header Files\Gameh</Filter>
    </ClInclude>
    <ClInclude Include="Gameh\CActorMgr.h">
      <Filter>Header Files\Gameh</Filter>
    </ClInclude>
    <ClInclude Include="Stateh\CStateMainGame.h">
      <Filter>Header Files\Stateh</Filter>
    </ClInclude>
    <ClInclude Include="Gameh\CActorPlane.h">
      <Filter>Header Files\Gameh</Filter>
    </ClInclude>
    <ClInclude Include="resource.h">
      <Filter>Header Files</Filter>
    </ClInclude>
    <ClInclude Include="Inputh\CInput.h">
      <Filter>Header Files\Inputh</Filter>
    </ClInclude>
    <ClInclude Include="Input.h">
      <Filter>Header Files</Filter>
    </ClInclude>
  </ItemGroup>
  <ItemGroup>
    <ResourceCompile Include="Stripe1 - Simple Render.rc">
      <Filter>Resource Files</Filter>
    </ResourceCompile>
  </ItemGroup>
  <ItemGroup>
    <None Include="SimpleShader.fx">
      <Filter>Shaders</Filter>
    </None>
  </ItemGroup>
</Project>